
Microsoft Visual Studio Solution File, Format Version 12.00
# Visual Studio Version 17
VisualStudioVersion = 17.14.36109.1
MinimumVisualStudioVersion = 10.0.40219.1
Project("{FAE04EC0-301F-11D3-BF4B-00C04F79EFBC}") = "WetherSideClient", "WetherSideClient\WetherSideClient.csproj", "{7932E8BB-50A9-4EFF-AADD-1124415204DB}"
EndProject
Project("{FAE04EC0-301F-11D3-BF4B-00C04F79EFBC}") = "WeatherSideServer", "WeatherSideServer\WeatherSideServer.csproj", "{2548053D-21AD-4ED4-8BBE-A02954270240}"
EndProject
Global
	GlobalSection(SolutionConfigurationPlatforms) = preSolution
		Debug|Any CPU = Debug|Any CPU
		Release|Any CPU = Release|Any CPU
	EndGlobalSection
	GlobalSection(ProjectConfigurationPlatforms) = postSolution
		{7932E8BB-50A9-4EFF-AADD-1124415204DB}.Debug|Any CPU.ActiveCfg = Debug|Any CPU
		{7932E8BB-50A9-4EFF-AADD-1124415204DB}.Debug|Any CPU.Build.0 = Debug|Any CPU
		{7932E8BB-50A9-4EFF-AADD-1124415204DB}.Release|Any CPU.ActiveCfg = Release|Any CPU
		{7932E8BB-50A9-4EFF-AADD-1124415204DB}.Release|Any CPU.Build.0 = Release|Any CPU
		{2548053D-21AD-4ED4-8BBE-A02954270240}.Debug|Any CPU.ActiveCfg = Debug|Any CPU
		{2548053D-21AD-4ED4-8BBE-A02954270240}.Debug|Any CPU.Build.0 = Debug|Any CPU
		{2548053D-21AD-4ED4-8BBE-A02954270240}.Release|Any CPU.ActiveCfg = Release|Any CPU
		{2548053D-21AD-4ED4-8BBE-A02954270240}.Release|Any CPU.Build.0 = Release|Any CPU
	EndGlobalSection
	GlobalSection(SolutionProperties) = preSolution
		HideSolutionNode = FALSE
	EndGlobalSection
	GlobalSection(ExtensibilityGlobals) = postSolution
		SolutionGuid = {A488CBB1-FA19-43D5-B514-B4988C31D912}
	EndGlobalSection
EndGlobal
